
Microsoft Visual Studio Solution File, Format Version 12.00
# Visual Studio 14
VisualStudioVersion = 14.0.24720.0
MinimumVisualStudioVersion = 10.0.40219.1
Project("{FAE04EC0-301F-11D3-BF4B-00C04F79EFBC}") = "UDConversions", "UDConversions.csproj", "{899DC587-89C1-44F5-B299-F7B77B342EF5}"
EndProject
Global
	GlobalSection(SolutionConfigurationPlatforms) = preSolution
		Debug|Any CPU = Debug|Any CPU
		Release|Any CPU = Release|Any CPU
	EndGlobalSection
	GlobalSection(ProjectConfigurationPlatforms) = postSolution
		{899DC587-89C1-44F5-B299-F7B77B342EF5}.Debug|Any CPU.ActiveCfg = Debug|Any CPU
		{899DC587-89C1-44F5-B299-F7B77B342EF5}.Debug|Any CPU.Build.0 = Debug|Any CPU
		{899DC587-89C1-44F5-B299-F7B77B342EF5}.Release|Any CPU.ActiveCfg = Release|Any CPU
		{899DC587-89C1-44F5-B299-F7B77B342EF5}.Release|Any CPU.Build.0 = Release|Any CPU
	EndGlobalSection
	GlobalSection(SolutionProperties) = preSolution
		HideSolutionNode = FALSE
	EndGlobalSection
EndGlobal
